
Microsoft Visual Studio Solution File, Format Version 12.00
# Visual Studio Version 17
VisualStudioVersion = 17.8.34309.116
MinimumVisualStudioVersion = 10.0.40219.1
Project("{2150E333-8FDC-42A3-9474-1A3956D46DE8}") = "IdentityServer", "IdentityServer", "{D6A84F8D-75CE-4314-8C66-E92C4F1E1563}"
EndProject
Project("{9A19103F-16F7-4668-BE54-9A1E7A4F7556}") = "WalletService.IdentityServer", "IdentityServer\WalletService.IdentityServer\WalletService.IdentityServer.csproj", "{311C6A64-BF8C-4732-B296-F7FAE073A46C}"
EndProject
Project("{2150E333-8FDC-42A3-9474-1A3956D46DE8}") = "Services", "Services", "{ABADA1EA-E824-40D0-8443-992514EA5FDD}"
EndProject
Project("{2150E333-8FDC-42A3-9474-1A3956D46DE8}") = "WalletApi", "WalletApi", "{4B5FDC3C-B385-4383-B34A-58EBADA2A5CE}"
EndProject
Project("{2150E333-8FDC-42A3-9474-1A3956D46DE8}") = "Core", "Core", "{9E462AFC-7117-4F45-BD5E-D8B5F41F7C8D}"
EndProject
Project("{2150E333-8FDC-42A3-9474-1A3956D46DE8}") = "External", "External", "{85179E04-76D6-436E-B001-5C92E0B123F3}"
EndProject
Project("{9A19103F-16F7-4668-BE54-9A1E7A4F7556}") = "WalletApi.Domain", "Services\WalletApi\src\Core\WalletApi.Domain\WalletApi.Domain.csproj", "{FFC4EB95-9E04-4263-9529-B42B3A0B3573}"
EndProject
Project("{9A19103F-16F7-4668-BE54-9A1E7A4F7556}") = "WalletApi.Application", "Services\WalletApi\src\Core\WalletApi.Application\WalletApi.Application.csproj", "{57D68FD3-9D9C-4389-B3F2-BB0A0FA3A19A}"
EndProject
Project("{9A19103F-16F7-4668-BE54-9A1E7A4F7556}") = "WalletApi.Infrasturcture", "Services\WalletApi\src\External\WalletApi.Infrasturcture\WalletApi.Infrasturcture.csproj", "{D934DA4F-0F02-4D48-A30E-3F95CB51E843}"
EndProject
Project("{9A19103F-16F7-4668-BE54-9A1E7A4F7556}") = "WalletApi.Persistance", "Services\WalletApi\src\External\WalletApi.Persistance\WalletApi.Persistance.csproj", "{6785F82D-8F3E-431D-8071-6AE7E360FAB1}"
EndProject
Project("{9A19103F-16F7-4668-BE54-9A1E7A4F7556}") = "WalletApi.Presentation", "Services\WalletApi\src\External\WalletApi.Presentation\WalletApi.Presentation.csproj", "{16B3758E-30C9-4FB9-B31D-FCC9F654D912}"
EndProject
Project("{9A19103F-16F7-4668-BE54-9A1E7A4F7556}") = "WalletApi.WebApi", "Services\WalletApi\src\WalletApi.WebApi\WalletApi.WebApi.csproj", "{F6BEDD44-29A5-4745-9078-77C693DD5A1B}"
EndProject
Project("{2150E333-8FDC-42A3-9474-1A3956D46DE8}") = "Common", "Common", "{EA122EAD-90D6-407B-9CCF-BA0DD4540226}"
EndProject
Project("{9A19103F-16F7-4668-BE54-9A1E7A4F7556}") = "WalletService.Common", "Services\Common\WalletService.Common\WalletService.Common.csproj", "{4F7D06A9-2DC7-4A73-9A6B-8055A76FDB5F}"
EndProject
Project("{2150E333-8FDC-42A3-9474-1A3956D46DE8}") = "TransactionApi", "TransactionApi", "{6F40E8B9-0968-42B2-BA97-7B1F7C4D1B87}"
EndProject
Project("{2150E333-8FDC-42A3-9474-1A3956D46DE8}") = "src", "src", "{8837F9DA-44C1-46DD-9983-E945C1780186}"
EndProject
Project("{2150E333-8FDC-42A3-9474-1A3956D46DE8}") = "test", "test", "{9504FBBE-89D5-4190-A373-ACCDEB9703E7}"
EndProject
Project("{2150E333-8FDC-42A3-9474-1A3956D46DE8}") = "src", "src", "{49A3CFCC-F0B4-404E-B027-2BAE57124D20}"
EndProject
Project("{2150E333-8FDC-42A3-9474-1A3956D46DE8}") = "test", "test", "{788D888C-07A3-42A7-B2DD-02D206B51BA2}"
EndProject
Project("{2150E333-8FDC-42A3-9474-1A3956D46DE8}") = "Core", "Core", "{1D152D66-B87E-423A-B13E-0376882F0052}"
EndProject
Project("{2150E333-8FDC-42A3-9474-1A3956D46DE8}") = "External", "External", "{25F3D7AE-6D3F-4061-B416-33D88B9ABB93}"
EndProject
Project("{9A19103F-16F7-4668-BE54-9A1E7A4F7556}") = "TransactionApi.Domain", "Services\TransactionApi\src\Core\TransactionApi.Domain\TransactionApi.Domain.csproj", "{1362EF4E-0EF2-423F-BF57-8DA663E2EB92}"
EndProject
Project("{9A19103F-16F7-4668-BE54-9A1E7A4F7556}") = "TransactionApi.Application", "Services\TransactionApi\src\Core\TransactionApi.Application\TransactionApi.Application.csproj", "{70CF514B-D7F9-49E5-8B9B-3EFA7D9C1D83}"
EndProject
Project("{9A19103F-16F7-4668-BE54-9A1E7A4F7556}") = "TransactionApi.Persistance", "Services\TransactionApi\src\External\TransactionApi.Persistance\TransactionApi.Persistance.csproj", "{569C0D2D-8CCD-440D-8003-D25BC171A478}"
EndProject
Project("{9A19103F-16F7-4668-BE54-9A1E7A4F7556}") = "TransactionApi.Infrasturcture", "Services\TransactionApi\src\External\TransactionApi.Infrasturcture\TransactionApi.Infrasturcture.csproj", "{63010603-D2D9-4ECD-BEFE-3480ABC5D869}"
EndProject
Project("{9A19103F-16F7-4668-BE54-9A1E7A4F7556}") = "TransactionApi.Presentation", "Services\TransactionApi\src\External\TransactionApi.Presentation\TransactionApi.Presentation.csproj", "{AF341225-E64F-47F8-8D2E-48A63690D14E}"
EndProject
Project("{9A19103F-16F7-4668-BE54-9A1E7A4F7556}") = "TransactionApi.WebApi", "Services\TransactionApi\src\TransactionApi.WebApi\TransactionApi.WebApi.csproj", "{91B9CCC9-00C3-432D-B0FC-43CCBECFB814}"
EndProject
Project("{2150E333-8FDC-42A3-9474-1A3956D46DE8}") = "GateWay", "GateWay", "{D27617FF-B6E2-4EA2-94CE-ED0D2D7BBF9A}"
EndProject
Project("{9A19103F-16F7-4668-BE54-9A1E7A4F7556}") = "WalletApi.UnitTest", "Services\WalletApi\test\WalletApi.UnitTest\WalletApi.UnitTest.csproj", "{F227791A-760A-4161-B960-30C66B0BEF95}"
EndProject
Project("{9A19103F-16F7-4668-BE54-9A1E7A4F7556}") = "TransactionApi.UnitTest", "Services\TransactionApi\test\TransactionApi.UnitTest\TransactionApi.UnitTest.csproj", "{FCE17F81-F12B-4253-97B2-9440143077DC}"
EndProject
Project("{9A19103F-16F7-4668-BE54-9A1E7A4F7556}") = "OcelotApi", "GateWay\OcelotApi\OcelotApi.csproj", "{B264FA68-3667-46A8-8340-DE93CC74A340}"
EndProject
Global
	GlobalSection(SolutionConfigurationPlatforms) = preSolution
		Debug|Any CPU = Debug|Any CPU
		Release|Any CPU = Release|Any CPU
	EndGlobalSection
	GlobalSection(ProjectConfigurationPlatforms) = postSolution
		{311C6A64-BF8C-4732-B296-F7FAE073A46C}.Debug|Any CPU.ActiveCfg = Debug|Any CPU
		{311C6A64-BF8C-4732-B296-F7FAE073A46C}.Debug|Any CPU.Build.0 = Debug|Any CPU
		{311C6A64-BF8C-4732-B296-F7FAE073A46C}.Release|Any CPU.ActiveCfg = Release|Any CPU
		{311C6A64-BF8C-4732-B296-F7FAE073A46C}.Release|Any CPU.Build.0 = Release|Any CPU
		{FFC4EB95-9E04-4263-9529-B42B3A0B3573}.Debug|Any CPU.ActiveCfg = Debug|Any CPU
		{FFC4EB95-9E04-4263-9529-B42B3A0B3573}.Debug|Any CPU.Build.0 = Debug|Any CPU
		{FFC4EB95-9E04-4263-9529-B42B3A0B3573}.Release|Any CPU.ActiveCfg = Release|Any CPU
		{FFC4EB95-9E04-4263-9529-B42B3A0B3573}.Release|Any CPU.Build.0 = Release|Any CPU
		{57D68FD3-9D9C-4389-B3F2-BB0A0FA3A19A}.Debug|Any CPU.ActiveCfg = Debug|Any CPU
		{57D68FD3-9D9C-4389-B3F2-BB0A0FA3A19A}.Debug|Any CPU.Build.0 = Debug|Any CPU
		{57D68FD3-9D9C-4389-B3F2-BB0A0FA3A19A}.Release|Any CPU.ActiveCfg = Release|Any CPU
		{57D68FD3-9D9C-4389-B3F2-BB0A0FA3A19A}.Release|Any CPU.Build.0 = Release|Any CPU
		{D934DA4F-0F02-4D48-A30E-3F95CB51E843}.Debug|Any CPU.ActiveCfg = Debug|Any CPU
		{D934DA4F-0F02-4D48-A30E-3F95CB51E843}.Debug|Any CPU.Build.0 = Debug|Any CPU
		{D934DA4F-0F02-4D48-A30E-3F95CB51E843}.Release|Any CPU.ActiveCfg = Release|Any CPU
		{D934DA4F-0F02-4D48-A30E-3F95CB51E843}.Release|Any CPU.Build.0 = Release|Any CPU
		{6785F82D-8F3E-431D-8071-6AE7E360FAB1}.Debug|Any CPU.ActiveCfg = Debug|Any CPU
		{6785F82D-8F3E-431D-8071-6AE7E360FAB1}.Debug|Any CPU.Build.0 = Debug|Any CPU
		{6785F82D-8F3E-431D-8071-6AE7E360FAB1}.Release|Any CPU.ActiveCfg = Release|Any CPU
		{6785F82D-8F3E-431D-8071-6AE7E360FAB1}.Release|Any CPU.Build.0 = Release|Any CPU
		{16B3758E-30C9-4FB9-B31D-FCC9F654D912}.Debug|Any CPU.ActiveCfg = Debug|Any CPU
		{16B3758E-30C9-4FB9-B31D-FCC9F654D912}.Debug|Any CPU.Build.0 = Debug|Any CPU
		{16B3758E-30C9-4FB9-B31D-FCC9F654D912}.Release|Any CPU.ActiveCfg = Release|Any CPU
		{16B3758E-30C9-4FB9-B31D-FCC9F654D912}.Release|Any CPU.Build.0 = Release|Any CPU
		{F6BEDD44-29A5-4745-9078-77C693DD5A1B}.Debug|Any CPU.ActiveCfg = Debug|Any CPU
		{F6BEDD44-29A5-4745-9078-77C693DD5A1B}.Debug|Any CPU.Build.0 = Debug|Any CPU
		{F6BEDD44-29A5-4745-9078-77C693DD5A1B}.Release|Any CPU.ActiveCfg = Release|Any CPU
		{F6BEDD44-29A5-4745-9078-77C693DD5A1B}.Release|Any CPU.Build.0 = Release|Any CPU
		{4F7D06A9-2DC7-4A73-9A6B-8055A76FDB5F}.Debug|Any CPU.ActiveCfg = Debug|Any CPU
		{4F7D06A9-2DC7-4A73-9A6B-8055A76FDB5F}.Debug|Any CPU.Build.0 = Debug|Any CPU
		{4F7D06A9-2DC7-4A73-9A6B-8055A76FDB5F}.Release|Any CPU.ActiveCfg = Release|Any CPU
		{4F7D06A9-2DC7-4A73-9A6B-8055A76FDB5F}.Release|Any CPU.Build.0 = Release|Any CPU
		{1362EF4E-0EF2-423F-BF57-8DA663E2EB92}.Debug|Any CPU.ActiveCfg = Debug|Any CPU
		{1362EF4E-0EF2-423F-BF57-8DA663E2EB92}.Debug|Any CPU.Build.0 = Debug|Any CPU
		{1362EF4E-0EF2-423F-BF57-8DA663E2EB92}.Release|Any CPU.ActiveCfg = Release|Any CPU
		{1362EF4E-0EF2-423F-BF57-8DA663E2EB92}.Release|Any CPU.Build.0 = Release|Any CPU
		{70CF514B-D7F9-49E5-8B9B-3EFA7D9C1D83}.Debug|Any CPU.ActiveCfg = Debug|Any CPU
		{70CF514B-D7F9-49E5-8B9B-3EFA7D9C1D83}.Debug|Any CPU.Build.0 = Debug|Any CPU
		{70CF514B-D7F9-49E5-8B9B-3EFA7D9C1D83}.Release|Any CPU.ActiveCfg = Release|Any CPU
		{70CF514B-D7F9-49E5-8B9B-3EFA7D9C1D83}.Release|Any CPU.Build.0 = Release|Any CPU
		{569C0D2D-8CCD-440D-8003-D25BC171A478}.Debug|Any CPU.ActiveCfg = Debug|Any CPU
		{569C0D2D-8CCD-440D-8003-D25BC171A478}.Debug|Any CPU.Build.0 = Debug|Any CPU
		{569C0D2D-8CCD-440D-8003-D25BC171A478}.Release|Any CPU.ActiveCfg = Release|Any CPU
		{569C0D2D-8CCD-440D-8003-D25BC171A478}.Release|Any CPU.Build.0 = Release|Any CPU
		{63010603-D2D9-4ECD-BEFE-3480ABC5D869}.Debug|Any CPU.ActiveCfg = Debug|Any CPU
		{63010603-D2D9-4ECD-BEFE-3480ABC5D869}.Debug|Any CPU.Build.0 = Debug|Any CPU
		{63010603-D2D9-4ECD-BEFE-3480ABC5D869}.Release|Any CPU.ActiveCfg = Release|Any CPU
		{63010603-D2D9-4ECD-BEFE-3480ABC5D869}.Release|Any CPU.Build.0 = Release|Any CPU
		{AF341225-E64F-47F8-8D2E-48A63690D14E}.Debug|Any CPU.ActiveCfg = Debug|Any CPU
		{AF341225-E64F-47F8-8D2E-48A63690D14E}.Debug|Any CPU.Build.0 = Debug|Any CPU
		{AF341225-E64F-47F8-8D2E-48A63690D14E}.Release|Any CPU.ActiveCfg = Release|Any CPU
		{AF341225-E64F-47F8-8D2E-48A63690D14E}.Release|Any CPU.Build.0 = Release|Any CPU
		{91B9CCC9-00C3-432D-B0FC-43CCBECFB814}.Debug|Any CPU.ActiveCfg = Debug|Any CPU
		{91B9CCC9-00C3-432D-B0FC-43CCBECFB814}.Debug|Any CPU.Build.0 = Debug|Any CPU
		{91B9CCC9-00C3-432D-B0FC-43CCBECFB814}.Release|Any CPU.ActiveCfg = Release|Any CPU
		{91B9CCC9-00C3-432D-B0FC-43CCBECFB814}.Release|Any CPU.Build.0 = Release|Any CPU
		{F227791A-760A-4161-B960-30C66B0BEF95}.Debug|Any CPU.ActiveCfg = Debug|Any CPU
		{F227791A-760A-4161-B960-30C66B0BEF95}.Debug|Any CPU.Build.0 = Debug|Any CPU
		{F227791A-760A-4161-B960-30C66B0BEF95}.Release|Any CPU.ActiveCfg = Release|Any CPU
		{F227791A-760A-4161-B960-30C66B0BEF95}.Release|Any CPU.Build.0 = Release|Any CPU
		{FCE17F81-F12B-4253-97B2-9440143077DC}.Debug|Any CPU.ActiveCfg = Debug|Any CPU
		{FCE17F81-F12B-4253-97B2-9440143077DC}.Debug|Any CPU.Build.0 = Debug|Any CPU
		{FCE17F81-F12B-4253-97B2-9440143077DC}.Release|Any CPU.ActiveCfg = Release|Any CPU
		{FCE17F81-F12B-4253-97B2-9440143077DC}.Release|Any CPU.Build.0 = Release|Any CPU
		{B264FA68-3667-46A8-8340-DE93CC74A340}.Debug|Any CPU.ActiveCfg = Debug|Any CPU
		{B264FA68-3667-46A8-8340-DE93CC74A340}.Debug|Any CPU.Build.0 = Debug|Any CPU
		{B264FA68-3667-46A8-8340-DE93CC74A340}.Release|Any CPU.ActiveCfg = Release|Any CPU
		{B264FA68-3667-46A8-8340-DE93CC74A340}.Release|Any CPU.Build.0 = Release|Any CPU
	EndGlobalSection
	GlobalSection(SolutionProperties) = preSolution
		HideSolutionNode = FALSE
	EndGlobalSection
	GlobalSection(NestedProjects) = preSolution
		{311C6A64-BF8C-4732-B296-F7FAE073A46C} = {D6A84F8D-75CE-4314-8C66-E92C4F1E1563}
		{4B5FDC3C-B385-4383-B34A-58EBADA2A5CE} = {ABADA1EA-E824-40D0-8443-992514EA5FDD}
		{9E462AFC-7117-4F45-BD5E-D8B5F41F7C8D} = {49A3CFCC-F0B4-404E-B027-2BAE57124D20}
		{85179E04-76D6-436E-B001-5C92E0B123F3} = {49A3CFCC-F0B4-404E-B027-2BAE57124D20}
		{FFC4EB95-9E04-4263-9529-B42B3A0B3573} = {9E462AFC-7117-4F45-BD5E-D8B5F41F7C8D}
		{57D68FD3-9D9C-4389-B3F2-BB0A0FA3A19A} = {9E462AFC-7117-4F45-BD5E-D8B5F41F7C8D}
		{D934DA4F-0F02-4D48-A30E-3F95CB51E843} = {85179E04-76D6-436E-B001-5C92E0B123F3}
		{6785F82D-8F3E-431D-8071-6AE7E360FAB1} = {85179E04-76D6-436E-B001-5C92E0B123F3}
		{16B3758E-30C9-4FB9-B31D-FCC9F654D912} = {85179E04-76D6-436E-B001-5C92E0B123F3}
		{F6BEDD44-29A5-4745-9078-77C693DD5A1B} = {49A3CFCC-F0B4-404E-B027-2BAE57124D20}
		{EA122EAD-90D6-407B-9CCF-BA0DD4540226} = {ABADA1EA-E824-40D0-8443-992514EA5FDD}
		{4F7D06A9-2DC7-4A73-9A6B-8055A76FDB5F} = {EA122EAD-90D6-407B-9CCF-BA0DD4540226}
		{6F40E8B9-0968-42B2-BA97-7B1F7C4D1B87} = {ABADA1EA-E824-40D0-8443-992514EA5FDD}
		{8837F9DA-44C1-46DD-9983-E945C1780186} = {6F40E8B9-0968-42B2-BA97-7B1F7C4D1B87}
		{9504FBBE-89D5-4190-A373-ACCDEB9703E7} = {6F40E8B9-0968-42B2-BA97-7B1F7C4D1B87}
		{49A3CFCC-F0B4-404E-B027-2BAE57124D20} = {4B5FDC3C-B385-4383-B34A-58EBADA2A5CE}
		{788D888C-07A3-42A7-B2DD-02D206B51BA2} = {4B5FDC3C-B385-4383-B34A-58EBADA2A5CE}
		{1D152D66-B87E-423A-B13E-0376882F0052} = {8837F9DA-44C1-46DD-9983-E945C1780186}
		{25F3D7AE-6D3F-4061-B416-33D88B9ABB93} = {8837F9DA-44C1-46DD-9983-E945C1780186}
		{1362EF4E-0EF2-423F-BF57-8DA663E2EB92} = {1D152D66-B87E-423A-B13E-0376882F0052}
		{70CF514B-D7F9-49E5-8B9B-3EFA7D9C1D83} = {1D152D66-B87E-423A-B13E-0376882F0052}
		{569C0D2D-8CCD-440D-8003-D25BC171A478} = {25F3D7AE-6D3F-4061-B416-33D88B9ABB93}
		{63010603-D2D9-4ECD-BEFE-3480ABC5D869} = {25F3D7AE-6D3F-4061-B416-33D88B9ABB93}
		{AF341225-E64F-47F8-8D2E-48A63690D14E} = {25F3D7AE-6D3F-4061-B416-33D88B9ABB93}
		{91B9CCC9-00C3-432D-B0FC-43CCBECFB814} = {8837F9DA-44C1-46DD-9983-E945C1780186}
		{F227791A-760A-4161-B960-30C66B0BEF95} = {788D888C-07A3-42A7-B2DD-02D206B51BA2}
		{FCE17F81-F12B-4253-97B2-9440143077DC} = {9504FBBE-89D5-4190-A373-ACCDEB9703E7}
		{B264FA68-3667-46A8-8340-DE93CC74A340} = {D27617FF-B6E2-4EA2-94CE-ED0D2D7BBF9A}
	EndGlobalSection
	GlobalSection(ExtensibilityGlobals) = postSolution
		SolutionGuid = {31070EBB-1319-4218-AF61-F0F292A8E100}
	EndGlobalSection
EndGlobal
